<?xml version="1.0" encoding="utf-8"?>
<Project ToolsVersion="4.0" xmlns="http://schemas.microsoft.com/developer/msbuild/2003">
  <ItemGroup>
    <Filter Include="Core">
      <UniqueIdentifier>{5dfc53da-0954-407a-9456-f30d617d3ec5}</UniqueIdentifier>
    </Filter>
    <Filter Include="Network">
      <UniqueIdentifier>{b0fc519d-653a-4deb-9c9e-4f5d621c0447}</UniqueIdentifier>
    </Filter>
    <Filter Include="Network\Protocol">
      <UniqueIdentifier>{d41571ba-3461-4bfb-b9c3-3b9145f3955f}</UniqueIdentifier>
    </Filter>
    <Filter Include="Network\Protocol\Proto">
      <UniqueIdentifier>{c86f31a9-f8ae-4b7f-ad79-0478019717b5}</UniqueIdentifier>
    </Filter>
  </ItemGroup>
  <ItemGroup>
    <ClCompile Include="pch.cpp">
      <Filter>Core</Filter>
    </ClCompile>
    <ClCompile Include="..\..\Shared\Protocol\Enum.pb.cc">
      <Filter>Network\Protocol</Filter>
    </ClCompile>
    <ClCompile Include="..\..\Shared\Protocol\Heartbeat.pb.cc">
      <Filter>Network\Protocol</Filter>
    </ClCompile>
    <ClCompile Include="..\..\Shared\Protocol\Login.pb.cc">
      <Filter>Network\Protocol</Filter>
    </ClCompile>
    <ClCompile Include="..\..\Shared\Protocol\Movement.pb.cc">
      <Filter>Network\Protocol</Filter>
    </ClCompile>
    <ClCompile Include="..\..\Shared\Protocol\PacketOption.pb.cc">
      <Filter>Network\Protocol</Filter>
    </ClCompile>
    <ClCompile Include="..\..\Shared\Protocol\Realm.pb.cc">
      <Filter>Network\Protocol</Filter>
    </ClCompile>
    <ClCompile Include="..\..\Shared\Protocol\Struct.pb.cc">
      <Filter>Network\Protocol</Filter>
    </ClCompile>
  </ItemGroup>
  <ItemGroup>
    <ClInclude Include="pch.h">
      <Filter>Core</Filter>
    </ClInclude>
    <ClInclude Include="..\..\Shared\Protocol\Enum.pb.h">
      <Filter>Network\Protocol</Filter>
    </ClInclude>
    <ClInclude Include="..\..\Shared\Protocol\Heartbeat.pb.h">
      <Filter>Network\Protocol</Filter>
    </ClInclude>
    <ClInclude Include="..\..\Shared\Protocol\Login.pb.h">
      <Filter>Network\Protocol</Filter>
    </ClInclude>
    <ClInclude Include="..\..\Shared\Protocol\Movement.pb.h">
      <Filter>Network\Protocol</Filter>
    </ClInclude>
    <ClInclude Include="..\..\Shared\Protocol\PacketOption.pb.h">
      <Filter>Network\Protocol</Filter>
    </ClInclude>
    <ClInclude Include="..\..\Shared\Protocol\Realm.pb.h">
      <Filter>Network\Protocol</Filter>
    </ClInclude>
    <ClInclude Include="..\..\Shared\Protocol\Struct.pb.h">
      <Filter>Network\Protocol</Filter>
    </ClInclude>
  </ItemGroup>
  <ItemGroup />
  <ItemGroup />
  <ItemGroup />
  <ItemGroup />
  <ItemGroup />
  <ItemGroup />
  <ItemGroup />
  <ItemGroup />
  <ItemGroup />
  <ItemGroup />
  <ItemGroup />
  <ItemGroup />
  <ItemGroup />
  <ItemGroup />
  <ItemGroup />
  <ItemGroup>
    <None Include="..\..\Shared\Protocol\Proto\Enum.proto">
      <Filter>Network\Protocol\Proto</Filter>
    </None>
    <None Include="..\..\Shared\Protocol\Proto\Heartbeat.proto">
      <Filter>Network\Protocol\Proto</Filter>
    </None>
    <None Include="..\..\Shared\Protocol\Proto\Login.proto">
      <Filter>Network\Protocol\Proto</Filter>
    </None>
    <None Include="..\..\Shared\Protocol\Proto\Movement.proto">
      <Filter>Network\Protocol\Proto</Filter>
    </None>
    <None Include="..\..\Shared\Protocol\Proto\PacketOption.proto">
      <Filter>Network\Protocol\Proto</Filter>
    </None>
    <None Include="..\..\Shared\Protocol\Proto\Realm.proto">
      <Filter>Network\Protocol\Proto</Filter>
    </None>
    <None Include="..\..\Shared\Protocol\Proto\Struct.proto">
      <Filter>Network\Protocol\Proto</Filter>
    </None>
  </ItemGroup>
</Project>