<?xml version="1.0" encoding="utf-8"?>
<Project ToolsVersion="4.0" xmlns="http://schemas.microsoft.com/developer/msbuild/2003">
  <ItemGroup>
    <Filter Include="Main">
      <UniqueIdentifier>{4FC737F1-C7A5-4376-A066-2A32D752A2FF}</UniqueIdentifier>
      <Extensions>cpp;c;cc;cxx;c++;cppm;ixx;def;odl;idl;hpj;bat;asm;asmx</Extensions>
    </Filter>
    <Filter Include="Core">
      <UniqueIdentifier>{54d84910-67c6-46e6-9f8d-742fb0aaf49e}</UniqueIdentifier>
    </Filter>
    <Filter Include="Core\Network">
      <UniqueIdentifier>{0a7d203d-cdc7-4746-9176-90c67c9ee3fd}</UniqueIdentifier>
    </Filter>
    <Filter Include="Core\Network\Protocol">
      <UniqueIdentifier>{592b4757-4bdd-486d-9eef-cef3330e1edd}</UniqueIdentifier>
    </Filter>
    <Filter Include="Core\Network\Protocol\Proto">
      <UniqueIdentifier>{7cfb2d0c-d280-4c3e-8ca3-70a19ec7c02a}</UniqueIdentifier>
    </Filter>
    <Filter Include="Core\Network\Protocol\PacketId">
      <UniqueIdentifier>{c3f97462-0578-4213-bced-50a34b3d4d48}</UniqueIdentifier>
    </Filter>
    <Filter Include="Core\Network\PacketHandler">
      <UniqueIdentifier>{02faff61-ac48-4355-9233-ac9d59eab975}</UniqueIdentifier>
    </Filter>
    <Filter Include="Core\Network\Session">
      <UniqueIdentifier>{2038bf49-2d7b-4a8a-9a33-81785e54f635}</UniqueIdentifier>
    </Filter>
    <Filter Include="Core\Thread">
      <UniqueIdentifier>{ae9314b0-9c91-47d8-95c5-cdddd1b07e14}</UniqueIdentifier>
    </Filter>
    <Filter Include="Contents">
      <UniqueIdentifier>{b26309a7-b673-4e11-a3d7-bc987232f195}</UniqueIdentifier>
    </Filter>
    <Filter Include="Contents\Database">
      <UniqueIdentifier>{0552340a-0078-4f95-8185-805874d30be3}</UniqueIdentifier>
    </Filter>
    <Filter Include="Core\Type">
      <UniqueIdentifier>{484bcbcd-9541-45f4-8fa9-01fed9e5159f}</UniqueIdentifier>
    </Filter>
    <Filter Include="Core\Pch">
      <UniqueIdentifier>{7abae0ed-1546-4327-9d5a-f4d0e7853f76}</UniqueIdentifier>
    </Filter>
    <Filter Include="Contents\Service">
      <UniqueIdentifier>{bbd28d3a-3234-4326-b8ac-ba03a0d690bb}</UniqueIdentifier>
    </Filter>
  </ItemGroup>
  <ItemGroup>
    <ClCompile Include="..\..\Shared\Protocol\Echo.pb.cc">
      <Filter>Core\Network\Protocol</Filter>
    </ClCompile>
    <ClCompile Include="..\..\Shared\Protocol\Enum.pb.cc">
      <Filter>Core\Network\Protocol</Filter>
    </ClCompile>
    <ClCompile Include="..\..\Shared\Protocol\PacketOption.pb.cc">
      <Filter>Core\Network\Protocol</Filter>
    </ClCompile>
    <ClCompile Include="..\..\Shared\Protocol\Struct.pb.cc">
      <Filter>Core\Network\Protocol</Filter>
    </ClCompile>
    <ClCompile Include="ClientSession.cpp">
      <Filter>Core\Network\Session</Filter>
    </ClCompile>
    <ClCompile Include="..\..\Shared\Protocol\Login.pb.cc">
      <Filter>Core\Network\Protocol</Filter>
    </ClCompile>
    <ClCompile Include="PacketHandler\PacketServiceTypeHandler.cpp">
      <Filter>Core\Network\PacketHandler</Filter>
    </ClCompile>
    <ClCompile Include="PacketHandler\LoginPacketHandler.cpp">
      <Filter>Core\Network\PacketHandler</Filter>
    </ClCompile>
    <ClCompile Include="RedisActor.cpp">
      <Filter>Contents\Database</Filter>
    </ClCompile>
    <ClCompile Include="MySqlActor.cpp">
      <Filter>Contents\Database</Filter>
    </ClCompile>
    <ClCompile Include="RedisService.cpp">
      <Filter>Contents\Service</Filter>
    </ClCompile>
    <ClCompile Include="pch.cpp">
      <Filter>Core\Pch</Filter>
    </ClCompile>
    <ClCompile Include="GatewayService.cpp">
      <Filter>Contents\Service</Filter>
    </ClCompile>
    <ClCompile Include="GatewayServer.cpp">
      <Filter>Main</Filter>
    </ClCompile>
    <ClCompile Include="ClientSessionManager.cpp">
      <Filter>Core\Network\Session</Filter>
    </ClCompile>
  </ItemGroup>
  <ItemGroup>
    <ClInclude Include="..\..\Shared\Protocol\Echo.pb.h">
      <Filter>Core\Network\Protocol</Filter>
    </ClInclude>
    <ClInclude Include="..\..\Shared\Protocol\Enum.pb.h">
      <Filter>Core\Network\Protocol</Filter>
    </ClInclude>
    <ClInclude Include="..\..\Shared\Protocol\PacketOption.pb.h">
      <Filter>Core\Network\Protocol</Filter>
    </ClInclude>
    <ClInclude Include="..\..\Shared\Protocol\Struct.pb.h">
      <Filter>Core\Network\Protocol</Filter>
    </ClInclude>
    <ClInclude Include="..\..\Shared\Protocol\PacketId\PacketId.h">
      <Filter>Core\Network\Protocol\PacketId</Filter>
    </ClInclude>
    <ClInclude Include="ClientSession.h">
      <Filter>Core\Network\Session</Filter>
    </ClInclude>
    <ClInclude Include="..\..\Shared\Protocol\Login.pb.h">
      <Filter>Core\Network\Protocol</Filter>
    </ClInclude>
    <ClInclude Include="PacketHandler\LoginPacketHandler.h">
      <Filter>Core\Network\PacketHandler</Filter>
    </ClInclude>
    <ClInclude Include="PacketHandler\PacketServiceTypeHandler.h">
      <Filter>Core\Network\PacketHandler</Filter>
    </ClInclude>
    <ClInclude Include="RedisActor.h">
      <Filter>Contents\Database</Filter>
    </ClInclude>
    <ClInclude Include="MySqlActor.h">
      <Filter>Contents\Database</Filter>
    </ClInclude>
    <ClInclude Include="RedisService.h">
      <Filter>Contents\Service</Filter>
    </ClInclude>
    <ClInclude Include="PointerType.h">
      <Filter>Core\Type</Filter>
    </ClInclude>
    <ClInclude Include="pch.h">
      <Filter>Core\Pch</Filter>
    </ClInclude>
    <ClInclude Include="GatewayService.h">
      <Filter>Contents\Service</Filter>
    </ClInclude>
    <ClInclude Include="EnumType.h">
      <Filter>Core\Type</Filter>
    </ClInclude>
    <ClInclude Include="ClientSessionManager.h">
      <Filter>Core\Network\Session</Filter>
    </ClInclude>
  </ItemGroup>
  <ItemGroup>
    <None Include="..\..\Shared\Protocol\Proto\Echo.proto">
      <Filter>Core\Network\Protocol\Proto</Filter>
    </None>
    <None Include="..\..\Shared\Protocol\Proto\Enum.proto">
      <Filter>Core\Network\Protocol\Proto</Filter>
    </None>
    <None Include="..\..\Shared\Protocol\Proto\PacketOption.proto">
      <Filter>Core\Network\Protocol\Proto</Filter>
    </None>
    <None Include="..\..\Shared\Protocol\Proto\Struct.proto">
      <Filter>Core\Network\Protocol\Proto</Filter>
    </None>
    <None Include="..\..\Shared\Protocol\Proto\Login.proto">
      <Filter>Core\Network\Protocol\Proto</Filter>
    </None>
  </ItemGroup>
</Project>