
Microsoft Visual Studio Solution File, Format Version 12.00
# Visual Studio Version 18
VisualStudioVersion = 18.3.11520.95 d18.3
MinimumVisualStudioVersion = 10.0.40219.1
Project("{FAE04EC0-301F-11D3-BF4B-00C04F79EFBC}") = "PacketGenerator", "PacketGenerator.csproj", "{13EB77B6-F294-9C69-E4A2-2CD92CEF2045}"
EndProject
Global
	GlobalSection(SolutionConfigurationPlatforms) = preSolution
		Debug|Any CPU = Debug|Any CPU
		Release|Any CPU = Release|Any CPU
	EndGlobalSection
	GlobalSection(ProjectConfigurationPlatforms) = postSolution
		{13EB77B6-F294-9C69-E4A2-2CD92CEF2045}.Debug|Any CPU.ActiveCfg = Debug|Any CPU
		{13EB77B6-F294-9C69-E4A2-2CD92CEF2045}.Debug|Any CPU.Build.0 = Debug|Any CPU
		{13EB77B6-F294-9C69-E4A2-2CD92CEF2045}.Release|Any CPU.ActiveCfg = Release|Any CPU
		{13EB77B6-F294-9C69-E4A2-2CD92CEF2045}.Release|Any CPU.Build.0 = Release|Any CPU
	EndGlobalSection
	GlobalSection(SolutionProperties) = preSolution
		HideSolutionNode = FALSE
	EndGlobalSection
	GlobalSection(ExtensibilityGlobals) = postSolution
		SolutionGuid = {9C56476D-1495-43D7-A1CF-4F4E2D324482}
	EndGlobalSection
EndGlobal
