<Solution>
  <Configurations>
    <Platform Name="Any CPU" />
    <Platform Name="x64" />
    <Platform Name="x86" />
  </Configurations>
  <Project Path="GatewayServer/GatewayServer.vcxproj" Id="49e65f39-679a-4f45-b0cf-c6a124bb046a" />
  <Project Path="LoginServer/LoginServer.csproj" />
</Solution>
