<Solution>
  <Configurations>
    <Platform Name="Any CPU" />
    <Platform Name="x64" />
    <Platform Name="x86" />
  </Configurations>
  <Project Path="LoginServer/LoginServer.csproj" />
  <Project Path="LoginServer.Tests/LoginServer.Tests.csproj" />
  <Project Path="DbMigration/DbMigration.csproj" />
</Solution>
