<?xml version="1.0" encoding="utf-8"?>
<Project ToolsVersion="4.0" xmlns="http://schemas.microsoft.com/developer/msbuild/2003">
  <ItemGroup>
    <Filter Include="Thread">
      <UniqueIdentifier>{cda91dfd-1d8f-44c1-bd90-81e9cfd8c3e8}</UniqueIdentifier>
    </Filter>
    <Filter Include="Memory">
      <UniqueIdentifier>{4e9ff5d9-32ba-488f-a21a-9a6661eff64b}</UniqueIdentifier>
    </Filter>
    <Filter Include="Container">
      <UniqueIdentifier>{8efa3a9e-5a7d-456e-930c-6350594e4953}</UniqueIdentifier>
    </Filter>
    <Filter Include="Network">
      <UniqueIdentifier>{f94ca58d-a0f7-429c-9d56-46cf78ae1cec}</UniqueIdentifier>
    </Filter>
    <Filter Include="Pattern">
      <UniqueIdentifier>{e0791a0c-49cb-4011-a2e8-c3975f0a0171}</UniqueIdentifier>
    </Filter>
    <Filter Include="Network\Session">
      <UniqueIdentifier>{3e98945e-61f1-4f9e-9d67-500f8b271781}</UniqueIdentifier>
    </Filter>
    <Filter Include="Actor">
      <UniqueIdentifier>{8d774a0e-136e-4008-855e-facdab60d221}</UniqueIdentifier>
    </Filter>
    <Filter Include="Network\Session\Buffer">
      <UniqueIdentifier>{f8d5a9e1-3498-4b91-9310-fe37a8e74d54}</UniqueIdentifier>
    </Filter>
    <Filter Include="Network\Session\Timeout">
      <UniqueIdentifier>{67d210e8-4039-4e0b-92d2-3c63a5405877}</UniqueIdentifier>
    </Filter>
    <Filter Include="IOCP">
      <UniqueIdentifier>{d95b5241-d7a5-4653-a17e-c6f1806acc61}</UniqueIdentifier>
    </Filter>
    <Filter Include="Network\IOCP">
      <UniqueIdentifier>{d5dca71f-79af-4a41-9d9d-a6df98843677}</UniqueIdentifier>
    </Filter>
    <Filter Include="Network\IOCP\Event">
      <UniqueIdentifier>{e37021f0-6599-43f9-967c-e2346a9bd645}</UniqueIdentifier>
    </Filter>
    <Filter Include="Network\Service">
      <UniqueIdentifier>{d9b35aa5-2f92-45a7-a0e7-9805fe354091}</UniqueIdentifier>
    </Filter>
    <Filter Include="Core">
      <UniqueIdentifier>{3c4c591c-85df-442a-8c66-8a0ff2ac51c0}</UniqueIdentifier>
    </Filter>
    <Filter Include="Actor\Core">
      <UniqueIdentifier>{a7d12659-2ca3-480e-aee5-3a1eb3d753f7}</UniqueIdentifier>
    </Filter>
    <Filter Include="Actor\System">
      <UniqueIdentifier>{15a10390-3592-490b-b91d-c5b28c06ac3d}</UniqueIdentifier>
    </Filter>
    <Filter Include="Network\Core">
      <UniqueIdentifier>{998ed845-5721-45ee-b2df-d37e9da8e792}</UniqueIdentifier>
    </Filter>
    <Filter Include="Time">
      <UniqueIdentifier>{c83161da-8ed4-4815-b3e3-0312caac0e50}</UniqueIdentifier>
    </Filter>
    <Filter Include="Core\Utils">
      <UniqueIdentifier>{76e0922a-37f2-4fc0-8c41-42a04dc488c6}</UniqueIdentifier>
    </Filter>
    <Filter Include="Core\Type">
      <UniqueIdentifier>{358449ee-ca16-4ed5-ae55-2275417ac547}</UniqueIdentifier>
    </Filter>
    <Filter Include="Core\Init">
      <UniqueIdentifier>{6a8435eb-4cdc-4df1-b441-6bb368298e39}</UniqueIdentifier>
    </Filter>
    <Filter Include="Core\Logger">
      <UniqueIdentifier>{8ad4708d-f977-4a56-bd9f-3eb01c13d3ed}</UniqueIdentifier>
    </Filter>
    <Filter Include="Core\Crash">
      <UniqueIdentifier>{be2f6fcf-b133-43ea-8fc9-524cb75c00d4}</UniqueIdentifier>
    </Filter>
    <Filter Include="Core\Macro">
      <UniqueIdentifier>{14b2c5fb-2470-4b44-9898-be3b7ad90e75}</UniqueIdentifier>
    </Filter>
    <Filter Include="Core\Pch">
      <UniqueIdentifier>{256aa214-8a58-4f10-b65e-ffb8a5ee7abd}</UniqueIdentifier>
    </Filter>
    <Filter Include="Core\EngineHeader">
      <UniqueIdentifier>{4a88ba0e-70c6-4b1d-81ef-68aef94dc527}</UniqueIdentifier>
    </Filter>
    <Filter Include="Network\Redis">
      <UniqueIdentifier>{b2a1c3d4-5e6f-7890-abcd-ef1234567890}</UniqueIdentifier>
    </Filter>
  </ItemGroup>
  <ItemGroup>
    <ClInclude Include="ThreadManager.h">
      <Filter>Thread</Filter>
    </ClInclude>
    <ClInclude Include="ObjectPool.h">
      <Filter>Memory</Filter>
    </ClInclude>
    <ClInclude Include="LockFreeStack.h">
      <Filter>Container</Filter>
    </ClInclude>
    <ClInclude Include="ObjectAllocator.h">
      <Filter>Memory</Filter>
    </ClInclude>
    <ClInclude Include="LockFreeQueue.h">
      <Filter>Container</Filter>
    </ClInclude>
    <ClInclude Include="ISingleton.h">
      <Filter>Pattern</Filter>
    </ClInclude>
    <ClInclude Include="MemoryPool.h">
      <Filter>Memory</Filter>
    </ClInclude>
    <ClInclude Include="MemoryAllocator.h">
      <Filter>Memory</Filter>
    </ClInclude>
    <ClInclude Include="Session.h">
      <Filter>Network\Session</Filter>
    </ClInclude>
    <ClInclude Include="PacketSession.h">
      <Filter>Network\Session</Filter>
    </ClInclude>
    <ClInclude Include="NetReceiveBuffer.h">
      <Filter>Network\Session\Buffer</Filter>
    </ClInclude>
    <ClInclude Include="NetSendBuffer.h">
      <Filter>Network\Session\Buffer</Filter>
    </ClInclude>
    <ClInclude Include="SessionTimeoutTracker.h">
      <Filter>Network\Session\Timeout</Filter>
    </ClInclude>
    <ClInclude Include="IocpCore.h">
      <Filter>IOCP</Filter>
    </ClInclude>
    <ClInclude Include="IocpEvent.h">
      <Filter>IOCP</Filter>
    </ClInclude>
    <ClInclude Include="Sender.h">
      <Filter>Network\IOCP\Event</Filter>
    </ClInclude>
    <ClInclude Include="Acceptor.h">
      <Filter>Network\IOCP\Event</Filter>
    </ClInclude>
    <ClInclude Include="Connector.h">
      <Filter>Network\IOCP\Event</Filter>
    </ClInclude>
    <ClInclude Include="Disconnector.h">
      <Filter>Network\IOCP\Event</Filter>
    </ClInclude>
    <ClInclude Include="Receiver.h">
      <Filter>Network\IOCP\Event</Filter>
    </ClInclude>
    <ClInclude Include="NetworkScheduler.h">
      <Filter>Network\IOCP</Filter>
    </ClInclude>
    <ClInclude Include="NetService.h">
      <Filter>Network\Service</Filter>
    </ClInclude>
    <ClInclude Include="Listener.h">
      <Filter>Network\Service</Filter>
    </ClInclude>
    <ClInclude Include="SocketIocpObject.h">
      <Filter>Network\IOCP</Filter>
    </ClInclude>
    <ClInclude Include="Actor.h">
      <Filter>Actor\Core</Filter>
    </ClInclude>
    <ClInclude Include="Message.h">
      <Filter>Actor\Core</Filter>
    </ClInclude>
    <ClInclude Include="ScopedActor.h">
      <Filter>Actor\Core</Filter>
    </ClInclude>
    <ClInclude Include="ActorDispatcher.h">
      <Filter>Actor\System</Filter>
    </ClInclude>
    <ClInclude Include="ActorManager.h">
      <Filter>Actor\System</Filter>
    </ClInclude>
    <ClInclude Include="ActorScheduler.h">
      <Filter>Actor\System</Filter>
    </ClInclude>
    <ClInclude Include="ActorService.h">
      <Filter>Actor\System</Filter>
    </ClInclude>
    <ClInclude Include="ActorLoadBalancer.h">
      <Filter>Actor\System</Filter>
    </ClInclude>
    <ClInclude Include="SocketUtils.h">
      <Filter>Network\Core</Filter>
    </ClInclude>
    <ClInclude Include="NetAddress.h">
      <Filter>Network\Core</Filter>
    </ClInclude>
    <ClInclude Include="SessionManager.h">
      <Filter>Network\Session</Filter>
    </ClInclude>
    <ClInclude Include="SessionIdAllocator.h">
      <Filter>Network\Session</Filter>
    </ClInclude>
    <ClInclude Include="SessionReaper.h">
      <Filter>Network\Session\Timeout</Filter>
    </ClInclude>
    <ClInclude Include="TimingWheel.h">
      <Filter>Time</Filter>
    </ClInclude>
    <ClInclude Include="UniquePtrAllocator.h">
      <Filter>Memory</Filter>
    </ClInclude>
    <ClInclude Include="SharedPtrAllocator.h">
      <Filter>Memory</Filter>
    </ClInclude>
    <ClInclude Include="StringUtils.h">
      <Filter>Core\Utils</Filter>
    </ClInclude>
    <ClInclude Include="ActorMailbox.h">
      <Filter>Actor\Core</Filter>
    </ClInclude>
    <ClInclude Include="ActorEventEnum.h">
      <Filter>Actor\Core</Filter>
    </ClInclude>
    <ClInclude Include="ConnectionPool.h">
      <Filter>Network\Service</Filter>
    </ClInclude>
    <ClInclude Include="RedisConnection.h">
      <Filter>Network\Redis</Filter>
    </ClInclude>
    <ClInclude Include="Types.h">
      <Filter>Core\Type</Filter>
    </ClInclude>
    <ClInclude Include="StlTypes.h">
      <Filter>Core\Type</Filter>
    </ClInclude>
    <ClInclude Include="SharedPtrTypes.h">
      <Filter>Core\Type</Filter>
    </ClInclude>
    <ClInclude Include="SendBufferAllocator.h">
      <Filter>Memory</Filter>
    </ClInclude>
    <ClInclude Include="JsonConfig.h">
      <Filter>Core\Init</Filter>
    </ClInclude>
    <ClInclude Include="NetEngineInit.h">
      <Filter>Core\Init</Filter>
    </ClInclude>
    <ClInclude Include="NetEngineLogger.h">
      <Filter>Core\Logger</Filter>
    </ClInclude>
    <ClInclude Include="CrashReporter.h">
      <Filter>Core\Crash</Filter>
    </ClInclude>
    <ClInclude Include="NetEngineMacro.h">
      <Filter>Core\Macro</Filter>
    </ClInclude>
    <ClInclude Include="pch.h">
      <Filter>Core\Pch</Filter>
    </ClInclude>
    <ClInclude Include="EnginePch.h">
      <Filter>Core\EngineHeader</Filter>
    </ClInclude>
    <ClInclude Include="EngineActor.h">
      <Filter>Core\EngineHeader</Filter>
    </ClInclude>
    <ClInclude Include="EngineNetwork.h">
      <Filter>Core\EngineHeader</Filter>
    </ClInclude>
  </ItemGroup>
  <ItemGroup>
    <ClCompile Include="ThreadManager.cpp">
      <Filter>Thread</Filter>
    </ClCompile>
    <ClCompile Include="Session.cpp">
      <Filter>Network\Session</Filter>
    </ClCompile>
    <ClCompile Include="PacketSession.cpp">
      <Filter>Network\Session</Filter>
    </ClCompile>
    <ClCompile Include="NetReceiveBuffer.cpp">
      <Filter>Network\Session\Buffer</Filter>
    </ClCompile>
    <ClCompile Include="NetSendBuffer.cpp">
      <Filter>Network\Session\Buffer</Filter>
    </ClCompile>
    <ClCompile Include="SessionTimeoutTracker.cpp">
      <Filter>Network\Session\Timeout</Filter>
    </ClCompile>
    <ClCompile Include="IocpCore.cpp">
      <Filter>IOCP</Filter>
    </ClCompile>
    <ClCompile Include="IocpEvent.cpp">
      <Filter>IOCP</Filter>
    </ClCompile>
    <ClCompile Include="Acceptor.cpp">
      <Filter>Network\IOCP\Event</Filter>
    </ClCompile>
    <ClCompile Include="Connector.cpp">
      <Filter>Network\IOCP\Event</Filter>
    </ClCompile>
    <ClCompile Include="Disconnector.cpp">
      <Filter>Network\IOCP\Event</Filter>
    </ClCompile>
    <ClCompile Include="Receiver.cpp">
      <Filter>Network\IOCP\Event</Filter>
    </ClCompile>
    <ClCompile Include="Sender.cpp">
      <Filter>Network\IOCP\Event</Filter>
    </ClCompile>
    <ClCompile Include="NetworkScheduler.cpp">
      <Filter>Network\IOCP</Filter>
    </ClCompile>
    <ClCompile Include="NetService.cpp">
      <Filter>Network\Service</Filter>
    </ClCompile>
    <ClCompile Include="Listener.cpp">
      <Filter>Network\Service</Filter>
    </ClCompile>
    <ClCompile Include="SocketIocpObject.cpp">
      <Filter>Network\IOCP</Filter>
    </ClCompile>
    <ClCompile Include="Actor.cpp">
      <Filter>Actor\Core</Filter>
    </ClCompile>
    <ClCompile Include="Message.cpp">
      <Filter>Actor\Core</Filter>
    </ClCompile>
    <ClCompile Include="ScopedActor.cpp">
      <Filter>Actor\Core</Filter>
    </ClCompile>
    <ClCompile Include="ActorDispatcher.cpp">
      <Filter>Actor\System</Filter>
    </ClCompile>
    <ClCompile Include="ActorManager.cpp">
      <Filter>Actor\System</Filter>
    </ClCompile>
    <ClCompile Include="ActorScheduler.cpp">
      <Filter>Actor\System</Filter>
    </ClCompile>
    <ClCompile Include="ActorService.cpp">
      <Filter>Actor\System</Filter>
    </ClCompile>
    <ClCompile Include="ActorLoadBalancer.cpp">
      <Filter>Actor\System</Filter>
    </ClCompile>
    <ClCompile Include="NetAddress.cpp">
      <Filter>Network\Core</Filter>
    </ClCompile>
    <ClCompile Include="SocketUtils.cpp">
      <Filter>Network\Core</Filter>
    </ClCompile>
    <ClCompile Include="SessionManager.cpp">
      <Filter>Network\Session</Filter>
    </ClCompile>
    <ClCompile Include="SessionIdAllocator.cpp">
      <Filter>Network\Session</Filter>
    </ClCompile>
    <ClCompile Include="SessionReaper.cpp">
      <Filter>Network\Session\Timeout</Filter>
    </ClCompile>
    <ClCompile Include="TimingWheel.cpp">
      <Filter>Time</Filter>
    </ClCompile>
    <ClCompile Include="StringUtils.cpp">
      <Filter>Core\Utils</Filter>
    </ClCompile>
    <ClCompile Include="ActorMailbox.cpp">
      <Filter>Actor\Core</Filter>
    </ClCompile>
    <ClCompile Include="ConnectionPool.cpp">
      <Filter>Network\Service</Filter>
    </ClCompile>
    <ClCompile Include="RedisConnection.cpp">
      <Filter>Network\Redis</Filter>
    </ClCompile>
    <ClCompile Include="SendBufferAllocator.cpp">
      <Filter>Memory</Filter>
    </ClCompile>
    <ClCompile Include="JsonConfig.cpp">
      <Filter>Core\Init</Filter>
    </ClCompile>
    <ClCompile Include="NetEngineInit.cpp">
      <Filter>Core\Init</Filter>
    </ClCompile>
    <ClCompile Include="NetEngineLogger.cpp">
      <Filter>Core\Logger</Filter>
    </ClCompile>
    <ClCompile Include="CrashReporter.cpp">
      <Filter>Core\Crash</Filter>
    </ClCompile>
    <ClCompile Include="pch.cpp">
      <Filter>Core\Pch</Filter>
    </ClCompile>
  </ItemGroup>
</Project>